<?xml version="1.0" encoding="utf-8"?>
<Project ToolsVersion="4.0" xmlns="http://schemas.microsoft.com/developer/msbuild/2003">
  <ItemGroup>
    <Filter Include="Scene">
      <UniqueIdentifier>{67857aed-9740-42cc-ad26-a86ed5ee36cb}</UniqueIdentifier>
    </Filter>
    <Filter Include="Player">
      <UniqueIdentifier>{a75235b3-f09c-4e74-8cd1-9c5e1eb0fab0}</UniqueIdentifier>
    </Filter>
  </ItemGroup>
  <ItemGroup>
    <ClInclude Include="CLoadScene.h">
      <Filter>Scene</Filter>
    </ClInclude>
    <ClInclude Include="CPlayScene.h" />
    <ClInclude Include="CTitleScene.h" />
    <ClInclude Include="CPlayer.h">
      <Filter>Player</Filter>
    </ClInclude>
    <ClInclude Include="CLoadResources.h" />
    <ClInclude Include="CPlayerScript.h" />
  </ItemGroup>
  <ItemGroup>
    <ClCompile Include="CPlayScene.cpp" />
    <ClCompile Include="CTitleScene.cpp" />
    <ClCompile Include="CPlayer.cpp">
      <Filter>Player</Filter>
    </ClCompile>
    <ClCompile Include="CPlayerScript.cpp" />
  </ItemGroup>
</Project>