<?xml version="1.0" encoding="utf-8"?>
<Project ToolsVersion="4.0" xmlns="http://schemas.microsoft.com/developer/msbuild/2003">
  <ItemGroup>
    <ClCompile Include="$(MSBuildThisFileDirectory)CApplication.cpp" />
    <ClCompile Include="$(MSBuildThisFileDirectory)CComponent.cpp">
      <Filter>Component</Filter>
    </ClCompile>
    <ClCompile Include="$(MSBuildThisFileDirectory)CGameObject.cpp">
      <Filter>Object</Filter>
    </ClCompile>
    <ClCompile Include="$(MSBuildThisFileDirectory)CInput.cpp" />
    <ClCompile Include="$(MSBuildThisFileDirectory)CResource.cpp">
      <Filter>Resource</Filter>
    </ClCompile>
    <ClCompile Include="$(MSBuildThisFileDirectory)CSpriteRenderer.cpp">
      <Filter>Component\SpriteRender</Filter>
    </ClCompile>
    <ClCompile Include="$(MSBuildThisFileDirectory)CTransform.cpp">
      <Filter>Component\Transform</Filter>
    </ClCompile>
    <ClCompile Include="$(MSBuildThisFileDirectory)CSceneManager.cpp">
      <Filter>Scene</Filter>
    </ClCompile>
    <ClCompile Include="$(MSBuildThisFileDirectory)CScene.cpp">
      <Filter>Scene</Filter>
    </ClCompile>
    <ClCompile Include="$(MSBuildThisFileDirectory)CResources.cpp">
      <Filter>Resource</Filter>
    </ClCompile>
    <ClCompile Include="$(MSBuildThisFileDirectory)CEntity.cpp">
      <Filter>CommonInclude</Filter>
    </ClCompile>
    <ClCompile Include="$(MSBuildThisFileDirectory)CLayer.cpp">
      <Filter>Layer</Filter>
    </ClCompile>
    <ClCompile Include="$(MSBuildThisFileDirectory)CTime.cpp">
      <Filter>Time</Filter>
    </ClCompile>
    <ClCompile Include="$(MSBuildThisFileDirectory)CMath.cpp">
      <Filter>CommonInclude</Filter>
    </ClCompile>
    <ClCompile Include="$(MSBuildThisFileDirectory)CTexture.cpp">
      <Filter>Resource\Texture</Filter>
    </ClCompile>
    <ClCompile Include="$(MSBuildThisFileDirectory)CCamera.cpp">
      <Filter>Component\Camera</Filter>
    </ClCompile>
    <ClCompile Include="$(MSBuildThisFileDirectory)CRenderer.cpp" />
    <ClCompile Include="$(MSBuildThisFileDirectory)CScript.cpp">
      <Filter>Component\Script</Filter>
    </ClCompile>
    <ClCompile Include="$(MSBuildThisFileDirectory)CAnimation.cpp">
      <Filter>Animation</Filter>
    </ClCompile>
    <ClCompile Include="$(MSBuildThisFileDirectory)CAnimator.cpp">
      <Filter>Animation</Filter>
    </ClCompile>
    <ClCompile Include="$(MSBuildThisFileDirectory)CDestroy.cpp" />
    <ClCompile Include="$(MSBuildThisFileDirectory)CBoxCollider2D.cpp">
      <Filter>Collider\CBoxCollider2D</Filter>
    </ClCompile>
    <ClCompile Include="$(MSBuildThisFileDirectory)CCollider.cpp">
      <Filter>Collider</Filter>
    </ClCompile>
    <ClCompile Include="$(MSBuildThisFileDirectory)CCircleCollider2D.cpp">
      <Filter>Collider\CCircleCollider2D</Filter>
    </ClCompile>
    <ClCompile Include="$(MSBuildThisFileDirectory)CCollisionManager.cpp">
      <Filter>Collider</Filter>
    </ClCompile>
    <ClCompile Include="$(MSBuildThisFileDirectory)DontDestroyOnLoad.cpp" />
    <ClCompile Include="$(MSBuildThisFileDirectory)CObject.cpp">
      <Filter>CommonInclude</Filter>
    </ClCompile>
  </ItemGroup>
  <ItemGroup>
    <ClInclude Include="$(MSBuildThisFileDirectory)CApplication.h" />
    <ClInclude Include="$(MSBuildThisFileDirectory)CComponent.h">
      <Filter>Component</Filter>
    </ClInclude>
    <ClInclude Include="$(MSBuildThisFileDirectory)CGameObject.h">
      <Filter>Object</Filter>
    </ClInclude>
    <ClInclude Include="$(MSBuildThisFileDirectory)CInput.h" />
    <ClInclude Include="$(MSBuildThisFileDirectory)CResource.h">
      <Filter>Resource</Filter>
    </ClInclude>
    <ClInclude Include="$(MSBuildThisFileDirectory)CSpriteRenderer.h">
      <Filter>Component\SpriteRender</Filter>
    </ClInclude>
    <ClInclude Include="$(MSBuildThisFileDirectory)CTransform.h">
      <Filter>Component\Transform</Filter>
    </ClInclude>
    <ClInclude Include="$(MSBuildThisFileDirectory)CSceneManager.h">
      <Filter>Scene</Filter>
    </ClInclude>
    <ClInclude Include="$(MSBuildThisFileDirectory)CScene.h">
      <Filter>Scene</Filter>
    </ClInclude>
    <ClInclude Include="$(MSBuildThisFileDirectory)CommonInclude.h">
      <Filter>CommonInclude</Filter>
    </ClInclude>
    <ClInclude Include="$(MSBuildThisFileDirectory)CResources.h">
      <Filter>Resource</Filter>
    </ClInclude>
    <ClInclude Include="$(MSBuildThisFileDirectory)CEntity.h">
      <Filter>CommonInclude</Filter>
    </ClInclude>
    <ClInclude Include="$(MSBuildThisFileDirectory)CEnums.h">
      <Filter>CommonInclude</Filter>
    </ClInclude>
    <ClInclude Include="$(MSBuildThisFileDirectory)CLayer.h">
      <Filter>Layer</Filter>
    </ClInclude>
    <ClInclude Include="$(MSBuildThisFileDirectory)CTime.h">
      <Filter>Time</Filter>
    </ClInclude>
    <ClInclude Include="$(MSBuildThisFileDirectory)CObject.h">
      <Filter>CommonInclude</Filter>
    </ClInclude>
    <ClInclude Include="$(MSBuildThisFileDirectory)CMath.h">
      <Filter>CommonInclude</Filter>
    </ClInclude>
    <ClInclude Include="$(MSBuildThisFileDirectory)CTexture.h">
      <Filter>Resource\Texture</Filter>
    </ClInclude>
    <ClInclude Include="$(MSBuildThisFileDirectory)CCamera.h">
      <Filter>Component\Camera</Filter>
    </ClInclude>
    <ClInclude Include="$(MSBuildThisFileDirectory)CRenderer.h" />
    <ClInclude Include="$(MSBuildThisFileDirectory)CScript.h">
      <Filter>Component\Script</Filter>
    </ClInclude>
    <ClInclude Include="$(MSBuildThisFileDirectory)CAnimation.h">
      <Filter>Animation</Filter>
    </ClInclude>
    <ClInclude Include="$(MSBuildThisFileDirectory)CAnimator.h">
      <Filter>Animation</Filter>
    </ClInclude>
    <ClInclude Include="$(MSBuildThisFileDirectory)CDestroy.h" />
    <ClInclude Include="$(MSBuildThisFileDirectory)CBoxCollider2D.h">
      <Filter>Collider\CBoxCollider2D</Filter>
    </ClInclude>
    <ClInclude Include="$(MSBuildThisFileDirectory)CCollider.h">
      <Filter>Collider</Filter>
    </ClInclude>
    <ClInclude Include="$(MSBuildThisFileDirectory)CCircleCollider2D.h">
      <Filter>Collider\CCircleCollider2D</Filter>
    </ClInclude>
    <ClInclude Include="$(MSBuildThisFileDirectory)CCollisionManager.h">
      <Filter>Collider</Filter>
    </ClInclude>
    <ClInclude Include="$(MSBuildThisFileDirectory)DontDestroyOnLoad.h" />
  </ItemGroup>
  <ItemGroup>
    <Filter Include="Component">
      <UniqueIdentifier>{7ea8a0a8-b31d-4bc1-a21e-3bd931383ee4}</UniqueIdentifier>
    </Filter>
    <Filter Include="Object">
      <UniqueIdentifier>{cb6d0023-e890-4bd8-b4a9-8454d6c25669}</UniqueIdentifier>
    </Filter>
    <Filter Include="Resource">
      <UniqueIdentifier>{b62d2bd6-6537-4c8f-a127-7b51d0f92202}</UniqueIdentifier>
    </Filter>
    <Filter Include="Component\SpriteRender">
      <UniqueIdentifier>{04c95846-3244-4ee4-aafb-be18c762fe40}</UniqueIdentifier>
    </Filter>
    <Filter Include="Component\Transform">
      <UniqueIdentifier>{8c3b32de-9ac4-4c9a-95ac-e5be0621f90b}</UniqueIdentifier>
    </Filter>
    <Filter Include="Scene">
      <UniqueIdentifier>{564a47fb-1202-44ec-a0b2-e1444e9eac5b}</UniqueIdentifier>
    </Filter>
    <Filter Include="CommonInclude">
      <UniqueIdentifier>{8706471a-e29e-49f6-9e11-1888392f5b8c}</UniqueIdentifier>
    </Filter>
    <Filter Include="Layer">
      <UniqueIdentifier>{e83a9326-6322-4029-853f-9475ff23de7e}</UniqueIdentifier>
    </Filter>
    <Filter Include="Time">
      <UniqueIdentifier>{7ba895a3-5ed3-476a-be9a-c9bf0d6ff834}</UniqueIdentifier>
    </Filter>
    <Filter Include="Resource\Texture">
      <UniqueIdentifier>{f484fc1a-d233-4176-8fa3-86906c3ef1a0}</UniqueIdentifier>
    </Filter>
    <Filter Include="Component\Camera">
      <UniqueIdentifier>{7ba9389a-e350-4ab4-a0c0-3161e735bb4d}</UniqueIdentifier>
    </Filter>
    <Filter Include="Component\Script">
      <UniqueIdentifier>{2a25c8fa-156d-463a-b1fb-3563e1eb6913}</UniqueIdentifier>
    </Filter>
    <Filter Include="Animation">
      <UniqueIdentifier>{9bb662b4-e6ae-49eb-ba8e-a0782993d08a}</UniqueIdentifier>
    </Filter>
    <Filter Include="Collider">
      <UniqueIdentifier>{c76ad747-ac48-4aeb-90f2-e4cd415b1876}</UniqueIdentifier>
    </Filter>
    <Filter Include="Collider\CBoxCollider2D">
      <UniqueIdentifier>{9bec36e1-5367-4696-8790-2c4bf6591dd0}</UniqueIdentifier>
    </Filter>
    <Filter Include="Collider\CCircleCollider2D">
      <UniqueIdentifier>{4ae3110b-2ba4-4d64-b105-fc961bdad2a0}</UniqueIdentifier>
    </Filter>
  </ItemGroup>
</Project>